
Microsoft Visual Studio Solution File, Format Version 12.00
# Visual Studio 15
VisualStudioVersion = 15.0.26124.0
MinimumVisualStudioVersion = 15.0.26124.0
Project("{2150E333-8FDC-42A3-9474-1A3956D46DE8}") = "src", "src", "{D742D83A-7571-49E2-AA36-B35BF3E2518E}"
EndProject
Project("{FAE04EC0-301F-11D3-BF4B-00C04F79EFBC}") = "Match.GroupManagement.Web", "src\Match.GroupeManagement.Web\Match.GroupManagement.Web.csproj", "{0599A0B8-6E0D-4A2C-97AD-82B7A3A0C52E}"
EndProject
Global
	GlobalSection(SolutionConfigurationPlatforms) = preSolution
		Debug|Any CPU = Debug|Any CPU
		Debug|x64 = Debug|x64
		Debug|x86 = Debug|x86
		Release|Any CPU = Release|Any CPU
		Release|x64 = Release|x64
		Release|x86 = Release|x86
	EndGlobalSection
	GlobalSection(SolutionProperties) = preSolution
		HideSolutionNode = FALSE
	EndGlobalSection
	GlobalSection(ProjectConfigurationPlatforms) = postSolution
		{0599A0B8-6E0D-4A2C-97AD-82B7A3A0C52E}.Debug|Any CPU.ActiveCfg = Debug|Any CPU
		{0599A0B8-6E0D-4A2C-97AD-82B7A3A0C52E}.Debug|Any CPU.Build.0 = Debug|Any CPU
		{0599A0B8-6E0D-4A2C-97AD-82B7A3A0C52E}.Debug|x64.ActiveCfg = Debug|Any CPU
		{0599A0B8-6E0D-4A2C-97AD-82B7A3A0C52E}.Debug|x64.Build.0 = Debug|Any CPU
		{0599A0B8-6E0D-4A2C-97AD-82B7A3A0C52E}.Debug|x86.ActiveCfg = Debug|Any CPU
		{0599A0B8-6E0D-4A2C-97AD-82B7A3A0C52E}.Debug|x86.Build.0 = Debug|Any CPU
		{0599A0B8-6E0D-4A2C-97AD-82B7A3A0C52E}.Release|Any CPU.ActiveCfg = Release|Any CPU
		{0599A0B8-6E0D-4A2C-97AD-82B7A3A0C52E}.Release|Any CPU.Build.0 = Release|Any CPU
		{0599A0B8-6E0D-4A2C-97AD-82B7A3A0C52E}.Release|x64.ActiveCfg = Release|Any CPU
		{0599A0B8-6E0D-4A2C-97AD-82B7A3A0C52E}.Release|x64.Build.0 = Release|Any CPU
		{0599A0B8-6E0D-4A2C-97AD-82B7A3A0C52E}.Release|x86.ActiveCfg = Release|Any CPU
		{0599A0B8-6E0D-4A2C-97AD-82B7A3A0C52E}.Release|x86.Build.0 = Release|Any CPU
	EndGlobalSection
	GlobalSection(NestedProjects) = preSolution
		{0599A0B8-6E0D-4A2C-97AD-82B7A3A0C52E} = {D742D83A-7571-49E2-AA36-B35BF3E2518E}
	EndGlobalSection
EndGlobal
